
Microsoft Visual Studio Solution File, Format Version 12.00
# Visual Studio Version 16
VisualStudioVersion = 16.0.30204.135
MinimumVisualStudioVersion = 10.0.40219.1
Project("{2150E333-8FDC-42A3-9474-1A3956D46DE8}") = "src", "src", "{ECA776FC-083E-4196-A2A4-7E445BAB3C93}"
EndProject
Project("{9A19103F-16F7-4668-BE54-9A1E7A4F7556}") = "Blazor.Web", "src\Blazor.Web\Blazor.Web.csproj", "{71D85BE9-D60B-405A-B1D1-D41F1CDCBE00}"
EndProject
Global
	GlobalSection(SolutionConfigurationPlatforms) = preSolution
		Debug|Any CPU = Debug|Any CPU
		Release|Any CPU = Release|Any CPU
	EndGlobalSection
	GlobalSection(ProjectConfigurationPlatforms) = postSolution
		{71D85BE9-D60B-405A-B1D1-D41F1CDCBE00}.Debug|Any CPU.ActiveCfg = Debug|Any CPU
		{71D85BE9-D60B-405A-B1D1-D41F1CDCBE00}.Debug|Any CPU.Build.0 = Debug|Any CPU
		{71D85BE9-D60B-405A-B1D1-D41F1CDCBE00}.Release|Any CPU.ActiveCfg = Release|Any CPU
		{71D85BE9-D60B-405A-B1D1-D41F1CDCBE00}.Release|Any CPU.Build.0 = Release|Any CPU
	EndGlobalSection
	GlobalSection(SolutionProperties) = preSolution
		HideSolutionNode = FALSE
	EndGlobalSection
	GlobalSection(NestedProjects) = preSolution
		{71D85BE9-D60B-405A-B1D1-D41F1CDCBE00} = {ECA776FC-083E-4196-A2A4-7E445BAB3C93}
	EndGlobalSection
	GlobalSection(ExtensibilityGlobals) = postSolution
		SolutionGuid = {545083E0-312D-4B63-921B-78D020FD5218}
	EndGlobalSection
EndGlobal
