
Microsoft Visual Studio Solution File, Format Version 12.00
# Visual Studio Version 16
VisualStudioVersion = 16.0.30204.135
MinimumVisualStudioVersion = 10.0.40219.1
Project("{2150E333-8FDC-42A3-9474-1A3956D46DE8}") = "src", "src", "{ECA776FC-083E-4196-A2A4-7E445BAB3C93}"
EndProject
Project("{FAE04EC0-301F-11D3-BF4B-00C04F79EFBC}") = "Blazor.Web", "Blazor.Web\Blazor.Web.csproj", "{E115DA6A-11A0-4878-AF05-3316047B8CFE}"
EndProject
Global
	GlobalSection(SolutionConfigurationPlatforms) = preSolution
		Debug|Any CPU = Debug|Any CPU
		Release|Any CPU = Release|Any CPU
	EndGlobalSection
	GlobalSection(ProjectConfigurationPlatforms) = postSolution
		{E115DA6A-11A0-4878-AF05-3316047B8CFE}.Debug|Any CPU.ActiveCfg = Debug|Any CPU
		{E115DA6A-11A0-4878-AF05-3316047B8CFE}.Debug|Any CPU.Build.0 = Debug|Any CPU
		{E115DA6A-11A0-4878-AF05-3316047B8CFE}.Release|Any CPU.ActiveCfg = Release|Any CPU
		{E115DA6A-11A0-4878-AF05-3316047B8CFE}.Release|Any CPU.Build.0 = Release|Any CPU
	EndGlobalSection
	GlobalSection(SolutionProperties) = preSolution
		HideSolutionNode = FALSE
	EndGlobalSection
	GlobalSection(NestedProjects) = preSolution
		{E115DA6A-11A0-4878-AF05-3316047B8CFE} = {ECA776FC-083E-4196-A2A4-7E445BAB3C93}
	EndGlobalSection
	GlobalSection(ExtensibilityGlobals) = postSolution
		SolutionGuid = {545083E0-312D-4B63-921B-78D020FD5218}
	EndGlobalSection
EndGlobal
